// !$*UTF8*$!
{
	archiveVersion = 1;
	classes = {
	};
	objectVersion = 46;
	objects = {

/* Begin PBXBuildFile section */
		276FEC761B67FED30022D4B0 /* AppDelegate.swift in Sources */ = {isa = PBXBuildFile; fileRef = 276FEC751B67FED30022D4B0 /* AppDelegate.swift */; };
		276FEC7B1B67FED30022D4B0 /* Main.storyboard in Resources */ = {isa = PBXBuildFile; fileRef = 276FEC791B67FED30022D4B0 /* Main.storyboard */; };
		276FEC7D1B67FED30022D4B0 /* Images.xcassets in Resources */ = {isa = PBXBuildFile; fileRef = 276FEC7C1B67FED30022D4B0 /* Images.xcassets */; };
		276FEC801B67FED30022D4B0 /* LaunchScreen.xib in Resources */ = {isa = PBXBuildFile; fileRef = 276FEC7E1B67FED30022D4B0 /* LaunchScreen.xib */; };
		276FEC9D1B6802DA0022D4B0 /* HeaderView.swift in Sources */ = {isa = PBXBuildFile; fileRef = 276FEC961B6802DA0022D4B0 /* HeaderView.swift */; };
		276FEC9E1B6802DA0022D4B0 /* MainTableViewCell.swift in Sources */ = {isa = PBXBuildFile; fileRef = 276FEC971B6802DA0022D4B0 /* MainTableViewCell.swift */; };
		276FEC9F1B6802DA0022D4B0 /* MainViewController.swift in Sources */ = {isa = PBXBuildFile; fileRef = 276FEC981B6802DA0022D4B0 /* MainViewController.swift */; };
		276FECA01B6802DA0022D4B0 /* MarkView.swift in Sources */ = {isa = PBXBuildFile; fileRef = 276FEC991B6802DA0022D4B0 /* MarkView.swift */; };
		276FECA11B6802DA0022D4B0 /* SearchView.swift in Sources */ = {isa = PBXBuildFile; fileRef = 276FEC9A1B6802DA0022D4B0 /* SearchView.swift */; };
		276FECA21B6802DB0022D4B0 /* TaskViewController.swift in Sources */ = {isa = PBXBuildFile; fileRef = 276FEC9B1B6802DA0022D4B0 /* TaskViewController.swift */; };
		276FECA31B6802DB0022D4B0 /* TrashView.swift in Sources */ = {isa = PBXBuildFile; fileRef = 276FEC9C1B6802DA0022D4B0 /* TrashView.swift */; };
		276FECAA1B6803580022D4B0 /* InDoneOn.png in Resources */ = {isa = PBXBuildFile; fileRef = 276FECA51B6803580022D4B0 /* InDoneOn.png */; };
		276FECAB1B6803580022D4B0 /* IsDoneOff.png in Resources */ = {isa = PBXBuildFile; fileRef = 276FECA61B6803580022D4B0 /* IsDoneOff.png */; };
		276FECAC1B6803580022D4B0 /* MarkIcon.png in Resources */ = {isa = PBXBuildFile; fileRef = 276FECA71B6803580022D4B0 /* MarkIcon.png */; };
		276FECAD1B6803580022D4B0 /* MarkOff.png in Resources */ = {isa = PBXBuildFile; fileRef = 276FECA81B6803580022D4B0 /* MarkOff.png */; };
		276FECAE1B6803580022D4B0 /* MarkOn.png in Resources */ = {isa = PBXBuildFile; fileRef = 276FECA91B6803580022D4B0 /* MarkOn.png */; };
		276FECB11B6803810022D4B0 /* UIToggleButton.swift in Sources */ = {isa = PBXBuildFile; fileRef = 276FECB01B6803810022D4B0 /* UIToggleButton.swift */; };
		276FECB41B6804460022D4B0 /* Repository.swift in Sources */ = {isa = PBXBuildFile; fileRef = 276FECB31B6804460022D4B0 /* Repository.swift */; };
		276FECB61B68044B0022D4B0 /* Task.swift in Sources */ = {isa = PBXBuildFile; fileRef = 276FECB51B68044B0022D4B0 /* Task.swift */; };
		276FECB81B6804560022D4B0 /* UIColorExtension.swift in Sources */ = {isa = PBXBuildFile; fileRef = 276FECB71B6804560022D4B0 /* UIColorExtension.swift */; };
		276FECBA1B68045C0022D4B0 /* ViewMode.swift in Sources */ = {isa = PBXBuildFile; fileRef = 276FECB91B68045C0022D4B0 /* ViewMode.swift */; };
		276FECBC1B6804640022D4B0 /* AsyncResult.swift in Sources */ = {isa = PBXBuildFile; fileRef = 276FECBB1B6804640022D4B0 /* AsyncResult.swift */; };
		276FECBE1B6804690022D4B0 /* AttrText.swift in Sources */ = {isa = PBXBuildFile; fileRef = 276FECBD1B6804690022D4B0 /* AttrText.swift */; };
		276FECC01B68046E0022D4B0 /* DateTime.swift in Sources */ = {isa = PBXBuildFile; fileRef = 276FECBF1B68046E0022D4B0 /* DateTime.swift */; };
		276FECC51B6804760022D4B0 /* DbCloud.swift in Sources */ = {isa = PBXBuildFile; fileRef = 276FECC11B6804760022D4B0 /* DbCloud.swift */; };
		276FECC61B6804760022D4B0 /* DbLocal.swift in Sources */ = {isa = PBXBuildFile; fileRef = 276FECC21B6804760022D4B0 /* DbLocal.swift */; };
		276FECC71B6804760022D4B0 /* DbParse.swift in Sources */ = {isa = PBXBuildFile; fileRef = 276FECC31B6804760022D4B0 /* DbParse.swift */; };
		276FECC81B6804760022D4B0 /* DbSqlite.swift in Sources */ = {isa = PBXBuildFile; fileRef = 276FECC41B6804760022D4B0 /* DbSqlite.swift */; };
		276FECCA1B68047C0022D4B0 /* HttpClient.swift in Sources */ = {isa = PBXBuildFile; fileRef = 276FECC91B68047C0022D4B0 /* HttpClient.swift */; };
		276FECCC1B6804880022D4B0 /* SecretKey.swift in Sources */ = {isa = PBXBuildFile; fileRef = 276FECCB1B6804880022D4B0 /* SecretKey.swift */; };
		276FECD01B6805000022D4B0 /* SwiftyJSON.swift in Sources */ = {isa = PBXBuildFile; fileRef = 276FECCF1B6805000022D4B0 /* SwiftyJSON.swift */; };
		276FECDC1B6805720022D4B0 /* Alamofire.swift in Sources */ = {isa = PBXBuildFile; fileRef = 276FECD21B6805720022D4B0 /* Alamofire.swift */; };
		276FECDD1B6805720022D4B0 /* Download.swift in Sources */ = {isa = PBXBuildFile; fileRef = 276FECD31B6805720022D4B0 /* Download.swift */; };
		276FECDE1B6805720022D4B0 /* Manager.swift in Sources */ = {isa = PBXBuildFile; fileRef = 276FECD41B6805720022D4B0 /* Manager.swift */; };
		276FECDF1B6805720022D4B0 /* MultipartFormData.swift in Sources */ = {isa = PBXBuildFile; fileRef = 276FECD51B6805720022D4B0 /* MultipartFormData.swift */; };
		276FECE01B6805720022D4B0 /* ParameterEncoding.swift in Sources */ = {isa = PBXBuildFile; fileRef = 276FECD61B6805720022D4B0 /* ParameterEncoding.swift */; };
		276FECE11B6805720022D4B0 /* Request.swift in Sources */ = {isa = PBXBuildFile; fileRef = 276FECD71B6805720022D4B0 /* Request.swift */; };
		276FECE21B6805720022D4B0 /* ResponseSerialization.swift in Sources */ = {isa = PBXBuildFile; fileRef = 276FECD81B6805720022D4B0 /* ResponseSerialization.swift */; };
		276FECE31B6805720022D4B0 /* ServerTrustPolicy.swift in Sources */ = {isa = PBXBuildFile; fileRef = 276FECD91B6805720022D4B0 /* ServerTrustPolicy.swift */; };
		276FECE41B6805720022D4B0 /* Upload.swift in Sources */ = {isa = PBXBuildFile; fileRef = 276FECDA1B6805720022D4B0 /* Upload.swift */; };
		276FECE51B6805720022D4B0 /* Validation.swift in Sources */ = {isa = PBXBuildFile; fileRef = 276FECDB1B6805720022D4B0 /* Validation.swift */; };
		276FECE81B6805FC0022D4B0 /* SwiftData.swift in Sources */ = {isa = PBXBuildFile; fileRef = 276FECE71B6805FC0022D4B0 /* SwiftData.swift */; };
		276FECEB1B68062D0022D4B0 /* libsqlite3.dylib in Frameworks */ = {isa = PBXBuildFile; fileRef = 276FECEA1B68062D0022D4B0 /* libsqlite3.dylib */; };
		276FECF41B6810760022D4B0 /* DateTimeTest.swift in Sources */ = {isa = PBXBuildFile; fileRef = 276FECEE1B6810750022D4B0 /* DateTimeTest.swift */; };
		276FECF51B6810760022D4B0 /* MockDb.swift in Sources */ = {isa = PBXBuildFile; fileRef = 276FECEF1B6810760022D4B0 /* MockDb.swift */; };
		276FECF61B6810760022D4B0 /* MockDbCloud.swift in Sources */ = {isa = PBXBuildFile; fileRef = 276FECF01B6810760022D4B0 /* MockDbCloud.swift */; };
		276FECF71B6810760022D4B0 /* MockDbLocal.swift in Sources */ = {isa = PBXBuildFile; fileRef = 276FECF11B6810760022D4B0 /* MockDbLocal.swift */; };
		276FECF81B6810760022D4B0 /* RepositoryTest.swift in Sources */ = {isa = PBXBuildFile; fileRef = 276FECF21B6810760022D4B0 /* RepositoryTest.swift */; };
		276FECF91B6810760022D4B0 /* TaskTest.swift in Sources */ = {isa = PBXBuildFile; fileRef = 276FECF31B6810760022D4B0 /* TaskTest.swift */; };
		276FECFA1B6810B60022D4B0 /* Task.swift in Sources */ = {isa = PBXBuildFile; fileRef = 276FECB51B68044B0022D4B0 /* Task.swift */; };
		276FECFB1B6810BC0022D4B0 /* DateTime.swift in Sources */ = {isa = PBXBuildFile; fileRef = 276FECBF1B68046E0022D4B0 /* DateTime.swift */; };
		276FECFC1B6810C50022D4B0 /* Repository.swift in Sources */ = {isa = PBXBuildFile; fileRef = 276FECB31B6804460022D4B0 /* Repository.swift */; };
		276FECFE1B6810E00022D4B0 /* SwiftyJSON.swift in Sources */ = {isa = PBXBuildFile; fileRef = 276FECCF1B6805000022D4B0 /* SwiftyJSON.swift */; };
		276FECFF1B6810E40022D4B0 /* DbCloud.swift in Sources */ = {isa = PBXBuildFile; fileRef = 276FECC11B6804760022D4B0 /* DbCloud.swift */; };
		276FED001B6810E70022D4B0 /* DbLocal.swift in Sources */ = {isa = PBXBuildFile; fileRef = 276FECC21B6804760022D4B0 /* DbLocal.swift */; };
		276FED011B6810EB0022D4B0 /* ViewMode.swift in Sources */ = {isa = PBXBuildFile; fileRef = 276FECB91B68045C0022D4B0 /* ViewMode.swift */; };
		276FED021B6811080022D4B0 /* AsyncResult.swift in Sources */ = {isa = PBXBuildFile; fileRef = 276FECBB1B6804640022D4B0 /* AsyncResult.swift */; };
/* End PBXBuildFile section */

/* Begin PBXContainerItemProxy section */
		276FEC861B67FED30022D4B0 /* PBXContainerItemProxy */ = {
			isa = PBXContainerItemProxy;
			containerPortal = 276FEC681B67FED30022D4B0 /* Project object */;
			proxyType = 1;
			remoteGlobalIDString = 276FEC6F1B67FED30022D4B0;
			remoteInfo = ToDoApp;
		};
/* End PBXContainerItemProxy section */

/* Begin PBXFileReference section */
		276FEC701B67FED30022D4B0 /* ToDoApp.app */ = {isa = PBXFileReference; explicitFileType = wrapper.application; includeInIndex = 0; path = ToDoApp.app; sourceTree = BUILT_PRODUCTS_DIR; };
		276FEC741B67FED30022D4B0 /* Info.plist */ = {isa = PBXFileReference; lastKnownFileType = text.plist.xml; path = Info.plist; sourceTree = "<group>"; };
		276FEC751B67FED30022D4B0 /* AppDelegate.swift */ = {isa = PBXFileReference; lastKnownFileType = sourcecode.swift; path = AppDelegate.swift; sourceTree = "<group>"; };
		276FEC7A1B67FED30022D4B0 /* Base */ = {isa = PBXFileReference; lastKnownFileType = file.storyboard; name = Base; path = Base.lproj/Main.storyboard; sourceTree = "<group>"; };
		276FEC7C1B67FED30022D4B0 /* Images.xcassets */ = {isa = PBXFileReference; lastKnownFileType = folder.assetcatalog; path = Images.xcassets; sourceTree = "<group>"; };
		276FEC7F1B67FED30022D4B0 /* Base */ = {isa = PBXFileReference; lastKnownFileType = file.xib; name = Base; path = Base.lproj/LaunchScreen.xib; sourceTree = "<group>"; };
		276FEC851B67FED30022D4B0 /* ToDoAppTests.xctest */ = {isa = PBXFileReference; explicitFileType = wrapper.cfbundle; includeInIndex = 0; path = ToDoAppTests.xctest; sourceTree = BUILT_PRODUCTS_DIR; };
		276FEC8A1B67FED30022D4B0 /* Info.plist */ = {isa = PBXFileReference; lastKnownFileType = text.plist.xml; path = Info.plist; sourceTree = "<group>"; };
		276FEC961B6802DA0022D4B0 /* HeaderView.swift */ = {isa = PBXFileReference; fileEncoding = 4; lastKnownFileType = sourcecode.swift; path = HeaderView.swift; sourceTree = "<group>"; };
		276FEC971B6802DA0022D4B0 /* MainTableViewCell.swift */ = {isa = PBXFileReference; fileEncoding = 4; lastKnownFileType = sourcecode.swift; path = MainTableViewCell.swift; sourceTree = "<group>"; };
		276FEC981B6802DA0022D4B0 /* MainViewController.swift */ = {isa = PBXFileReference; fileEncoding = 4; lastKnownFileType = sourcecode.swift; path = MainViewController.swift; sourceTree = "<group>"; };
		276FEC991B6802DA0022D4B0 /* MarkView.swift */ = {isa = PBXFileReference; fileEncoding = 4; lastKnownFileType = sourcecode.swift; path = MarkView.swift; sourceTree = "<group>"; };
		276FEC9A1B6802DA0022D4B0 /* SearchView.swift */ = {isa = PBXFileReference; fileEncoding = 4; lastKnownFileType = sourcecode.swift; path = SearchView.swift; sourceTree = "<group>"; };
		276FEC9B1B6802DA0022D4B0 /* TaskViewController.swift */ = {isa = PBXFileReference; fileEncoding = 4; lastKnownFileType = sourcecode.swift; path = TaskViewController.swift; sourceTree = "<group>"; };
		276FEC9C1B6802DA0022D4B0 /* TrashView.swift */ = {isa = PBXFileReference; fileEncoding = 4; lastKnownFileType = sourcecode.swift; path = TrashView.swift; sourceTree = "<group>"; };
		276FECA51B6803580022D4B0 /* InDoneOn.png */ = {isa = PBXFileReference; lastKnownFileType = image.png; name = InDoneOn.png; path = Resources/InDoneOn.png; sourceTree = "<group>"; };
		276FECA61B6803580022D4B0 /* IsDoneOff.png */ = {isa = PBXFileReference; lastKnownFileType = image.png; name = IsDoneOff.png; path = Resources/IsDoneOff.png; sourceTree = "<group>"; };
		276FECA71B6803580022D4B0 /* MarkIcon.png */ = {isa = PBXFileReference; lastKnownFileType = image.png; name = MarkIcon.png; path = Resources/MarkIcon.png; sourceTree = "<group>"; };
		276FECA81B6803580022D4B0 /* MarkOff.png */ = {isa = PBXFileReference; lastKnownFileType = image.png; name = MarkOff.png; path = Resources/MarkOff.png; sourceTree = "<group>"; };
		276FECA91B6803580022D4B0 /* MarkOn.png */ = {isa = PBXFileReference; lastKnownFileType = image.png; name = MarkOn.png; path = Resources/MarkOn.png; sourceTree = "<group>"; };
		276FECB01B6803810022D4B0 /* UIToggleButton.swift */ = {isa = PBXFileReference; fileEncoding = 4; lastKnownFileType = sourcecode.swift; path = UIToggleButton.swift; sourceTree = "<group>"; };
		276FECB31B6804460022D4B0 /* Repository.swift */ = {isa = PBXFileReference; fileEncoding = 4; lastKnownFileType = sourcecode.swift; path = Repository.swift; sourceTree = "<group>"; };
		276FECB51B68044B0022D4B0 /* Task.swift */ = {isa = PBXFileReference; fileEncoding = 4; lastKnownFileType = sourcecode.swift; path = Task.swift; sourceTree = "<group>"; };
		276FECB71B6804560022D4B0 /* UIColorExtension.swift */ = {isa = PBXFileReference; fileEncoding = 4; lastKnownFileType = sourcecode.swift; path = UIColorExtension.swift; sourceTree = "<group>"; };
		276FECB91B68045C0022D4B0 /* ViewMode.swift */ = {isa = PBXFileReference; fileEncoding = 4; lastKnownFileType = sourcecode.swift; path = ViewMode.swift; sourceTree = "<group>"; };
		276FECBB1B6804640022D4B0 /* AsyncResult.swift */ = {isa = PBXFileReference; fileEncoding = 4; lastKnownFileType = sourcecode.swift; path = AsyncResult.swift; sourceTree = "<group>"; };
		276FECBD1B6804690022D4B0 /* AttrText.swift */ = {isa = PBXFileReference; fileEncoding = 4; lastKnownFileType = sourcecode.swift; path = AttrText.swift; sourceTree = "<group>"; };
		276FECBF1B68046E0022D4B0 /* DateTime.swift */ = {isa = PBXFileReference; fileEncoding = 4; lastKnownFileType = sourcecode.swift; path = DateTime.swift; sourceTree = "<group>"; };
		276FECC11B6804760022D4B0 /* DbCloud.swift */ = {isa = PBXFileReference; fileEncoding = 4; lastKnownFileType = sourcecode.swift; path = DbCloud.swift; sourceTree = "<group>"; };
		276FECC21B6804760022D4B0 /* DbLocal.swift */ = {isa = PBXFileReference; fileEncoding = 4; lastKnownFileType = sourcecode.swift; path = DbLocal.swift; sourceTree = "<group>"; };
		276FECC31B6804760022D4B0 /* DbParse.swift */ = {isa = PBXFileReference; fileEncoding = 4; lastKnownFileType = sourcecode.swift; path = DbParse.swift; sourceTree = "<group>"; };
		276FECC41B6804760022D4B0 /* DbSqlite.swift */ = {isa = PBXFileReference; fileEncoding = 4; lastKnownFileType = sourcecode.swift; path = DbSqlite.swift; sourceTree = "<group>"; };
		276FECC91B68047C0022D4B0 /* HttpClient.swift */ = {isa = PBXFileReference; fileEncoding = 4; lastKnownFileType = sourcecode.swift; path = HttpClient.swift; sourceTree = "<group>"; };
		276FECCB1B6804880022D4B0 /* SecretKey.swift */ = {isa = PBXFileReference; fileEncoding = 4; lastKnownFileType = sourcecode.swift; path = SecretKey.swift; sourceTree = "<group>"; };
		276FECCF1B6805000022D4B0 /* SwiftyJSON.swift */ = {isa = PBXFileReference; fileEncoding = 4; lastKnownFileType = sourcecode.swift; name = SwiftyJSON.swift; path = Frameworks/SwiftyJSON/SwiftyJSON.swift; sourceTree = "<group>"; };
		276FECD21B6805720022D4B0 /* Alamofire.swift */ = {isa = PBXFileReference; fileEncoding = 4; lastKnownFileType = sourcecode.swift; name = Alamofire.swift; path = Frameworks/Alamofire/Alamofire.swift; sourceTree = "<group>"; };
		276FECD31B6805720022D4B0 /* Download.swift */ = {isa = PBXFileReference; fileEncoding = 4; lastKnownFileType = sourcecode.swift; name = Download.swift; path = Frameworks/Alamofire/Download.swift; sourceTree = "<group>"; };
		276FECD41B6805720022D4B0 /* Manager.swift */ = {isa = PBXFileReference; fileEncoding = 4; lastKnownFileType = sourcecode.swift; name = Manager.swift; path = Frameworks/Alamofire/Manager.swift; sourceTree = "<group>"; };
		276FECD51B6805720022D4B0 /* MultipartFormData.swift */ = {isa = PBXFileReference; fileEncoding = 4; lastKnownFileType = sourcecode.swift; name = MultipartFormData.swift; path = Frameworks/Alamofire/MultipartFormData.swift; sourceTree = "<group>"; };
		276FECD61B6805720022D4B0 /* ParameterEncoding.swift */ = {isa = PBXFileReference; fileEncoding = 4; lastKnownFileType = sourcecode.swift; name = ParameterEncoding.swift; path = Frameworks/Alamofire/ParameterEncoding.swift; sourceTree = "<group>"; };
		276FECD71B6805720022D4B0 /* Request.swift */ = {isa = PBXFileReference; fileEncoding = 4; lastKnownFileType = sourcecode.swift; name = Request.swift; path = Frameworks/Alamofire/Request.swift; sourceTree = "<group>"; };
		276FECD81B6805720022D4B0 /* ResponseSerialization.swift */ = {isa = PBXFileReference; fileEncoding = 4; lastKnownFileType = sourcecode.swift; name = ResponseSerialization.swift; path = Frameworks/Alamofire/ResponseSerialization.swift; sourceTree = "<group>"; };
		276FECD91B6805720022D4B0 /* ServerTrustPolicy.swift */ = {isa = PBXFileReference; fileEncoding = 4; lastKnownFileType = sourcecode.swift; name = ServerTrustPolicy.swift; path = Frameworks/Alamofire/ServerTrustPolicy.swift; sourceTree = "<group>"; };
		276FECDA1B6805720022D4B0 /* Upload.swift */ = {isa = PBXFileReference; fileEncoding = 4; lastKnownFileType = sourcecode.swift; name = Upload.swift; path = Frameworks/Alamofire/Upload.swift; sourceTree = "<group>"; };
		276FECDB1B6805720022D4B0 /* Validation.swift */ = {isa = PBXFileReference; fileEncoding = 4; lastKnownFileType = sourcecode.swift; name = Validation.swift; path = Frameworks/Alamofire/Validation.swift; sourceTree = "<group>"; };
		276FECE71B6805FC0022D4B0 /* SwiftData.swift */ = {isa = PBXFileReference; fileEncoding = 4; lastKnownFileType = sourcecode.swift; name = SwiftData.swift; path = Frameworks/SwiftData/SwiftData.swift; sourceTree = "<group>"; };
		276FECE91B6806020022D4B0 /* Briding-Header.h */ = {isa = PBXFileReference; lastKnownFileType = sourcecode.c.h; name = "Briding-Header.h"; path = "Frameworks/SwiftData/Briding-Header.h"; sourceTree = "<group>"; };
		276FECEA1B68062D0022D4B0 /* libsqlite3.dylib */ = {isa = PBXFileReference; lastKnownFileType = "compiled.mach-o.dylib"; name = libsqlite3.dylib; path = usr/lib/libsqlite3.dylib; sourceTree = SDKROOT; };
		276FECEE1B6810750022D4B0 /* DateTimeTest.swift */ = {isa = PBXFileReference; fileEncoding = 4; lastKnownFileType = sourcecode.swift; path = DateTimeTest.swift; sourceTree = "<group>"; };
		276FECEF1B6810760022D4B0 /* MockDb.swift */ = {isa = PBXFileReference; fileEncoding = 4; lastKnownFileType = sourcecode.swift; path = MockDb.swift; sourceTree = "<group>"; };
		276FECF01B6810760022D4B0 /* MockDbCloud.swift */ = {isa = PBXFileReference; fileEncoding = 4; lastKnownFileType = sourcecode.swift; path = MockDbCloud.swift; sourceTree = "<group>"; };
		276FECF11B6810760022D4B0 /* MockDbLocal.swift */ = {isa = PBXFileReference; fileEncoding = 4; lastKnownFileType = sourcecode.swift; path = MockDbLocal.swift; sourceTree = "<group>"; };
		276FECF21B6810760022D4B0 /* RepositoryTest.swift */ = {isa = PBXFileReference; fileEncoding = 4; lastKnownFileType = sourcecode.swift; path = RepositoryTest.swift; sourceTree = "<group>"; };
		276FECF31B6810760022D4B0 /* TaskTest.swift */ = {isa = PBXFileReference; fileEncoding = 4; lastKnownFileType = sourcecode.swift; path = TaskTest.swift; sourceTree = "<group>"; };
/* End PBXFileReference section */

/* Begin PBXFrameworksBuildPhase section */
		276FEC6D1B67FED30022D4B0 /* Frameworks */ = {
			isa = PBXFrameworksBuildPhase;
			buildActionMask = 2147483647;
			files = (
				276FECEB1B68062D0022D4B0 /* libsqlite3.dylib in Frameworks */,
			);
			runOnlyForDeploymentPostprocessing = 0;
		};
		276FEC821B67FED30022D4B0 /* Frameworks */ = {
			isa = PBXFrameworksBuildPhase;
			buildActionMask = 2147483647;
			files = (
			);
			runOnlyForDeploymentPostprocessing = 0;
		};
/* End PBXFrameworksBuildPhase section */

/* Begin PBXGroup section */
		276FEC671B67FED30022D4B0 = {
			isa = PBXGroup;
			children = (
				276FECCD1B6804BD0022D4B0 /* Frameworks */,
				276FEC721B67FED30022D4B0 /* ToDoApp */,
				276FEC881B67FED30022D4B0 /* ToDoAppTests */,
				276FEC711B67FED30022D4B0 /* Products */,
			);
			sourceTree = "<group>";
		};
		276FEC711B67FED30022D4B0 /* Products */ = {
			isa = PBXGroup;
			children = (
				276FEC701B67FED30022D4B0 /* ToDoApp.app */,
				276FEC851B67FED30022D4B0 /* ToDoAppTests.xctest */,
			);
			name = Products;
			sourceTree = "<group>";
		};
		276FEC721B67FED30022D4B0 /* ToDoApp */ = {
			isa = PBXGroup;
			children = (
				276FECB21B68042D0022D4B0 /* Model */,
				276FECAF1B68036F0022D4B0 /* Control */,
				276FECA41B6803090022D4B0 /* Resources */,
				276FEC951B6802960022D4B0 /* Controller */,
				276FEC751B67FED30022D4B0 /* AppDelegate.swift */,
				276FEC791B67FED30022D4B0 /* Main.storyboard */,
				276FEC7C1B67FED30022D4B0 /* Images.xcassets */,
				276FEC7E1B67FED30022D4B0 /* LaunchScreen.xib */,
				276FEC731B67FED30022D4B0 /* Supporting Files */,
			);
			path = ToDoApp;
			sourceTree = "<group>";
		};
		276FEC731B67FED30022D4B0 /* Supporting Files */ = {
			isa = PBXGroup;
			children = (
				276FEC741B67FED30022D4B0 /* Info.plist */,
			);
			name = "Supporting Files";
			sourceTree = "<group>";
		};
		276FEC881B67FED30022D4B0 /* ToDoAppTests */ = {
			isa = PBXGroup;
			children = (
				276FECEE1B6810750022D4B0 /* DateTimeTest.swift */,
				276FECEF1B6810760022D4B0 /* MockDb.swift */,
				276FECF01B6810760022D4B0 /* MockDbCloud.swift */,
				276FECF11B6810760022D4B0 /* MockDbLocal.swift */,
				276FECF21B6810760022D4B0 /* RepositoryTest.swift */,
				276FECF31B6810760022D4B0 /* TaskTest.swift */,
				276FEC891B67FED30022D4B0 /* Supporting Files */,
			);
			path = ToDoAppTests;
			sourceTree = "<group>";
		};
		276FEC891B67FED30022D4B0 /* Supporting Files */ = {
			isa = PBXGroup;
			children = (
				276FEC8A1B67FED30022D4B0 /* Info.plist */,
			);
			name = "Supporting Files";
			sourceTree = "<group>";
		};
		276FEC951B6802960022D4B0 /* Controller */ = {
			isa = PBXGroup;
			children = (
				276FEC961B6802DA0022D4B0 /* HeaderView.swift */,
				276FEC971B6802DA0022D4B0 /* MainTableViewCell.swift */,
				276FEC981B6802DA0022D4B0 /* MainViewController.swift */,
				276FEC991B6802DA0022D4B0 /* MarkView.swift */,
				276FEC9A1B6802DA0022D4B0 /* SearchView.swift */,
				276FEC9B1B6802DA0022D4B0 /* TaskViewController.swift */,
				276FEC9C1B6802DA0022D4B0 /* TrashView.swift */,
			);
			name = Controller;
			sourceTree = "<group>";
		};
		276FECA41B6803090022D4B0 /* Resources */ = {
			isa = PBXGroup;
			children = (
				276FECA51B6803580022D4B0 /* InDoneOn.png */,
				276FECA61B6803580022D4B0 /* IsDoneOff.png */,
				276FECA71B6803580022D4B0 /* MarkIcon.png */,
				276FECA81B6803580022D4B0 /* MarkOff.png */,
				276FECA91B6803580022D4B0 /* MarkOn.png */,
			);
			name = Resources;
			sourceTree = "<group>";
		};
		276FECAF1B68036F0022D4B0 /* Control */ = {
			isa = PBXGroup;
			children = (
				276FECB01B6803810022D4B0 /* UIToggleButton.swift */,
			);
			name = Control;
			sourceTree = "<group>";
		};
		276FECB21B68042D0022D4B0 /* Model */ = {
			isa = PBXGroup;
			children = (
				276FECCB1B6804880022D4B0 /* SecretKey.swift */,
				276FECC91B68047C0022D4B0 /* HttpClient.swift */,
				276FECC11B6804760022D4B0 /* DbCloud.swift */,
				276FECC21B6804760022D4B0 /* DbLocal.swift */,
				276FECC31B6804760022D4B0 /* DbParse.swift */,
				276FECC41B6804760022D4B0 /* DbSqlite.swift */,
				276FECBF1B68046E0022D4B0 /* DateTime.swift */,
				276FECBD1B6804690022D4B0 /* AttrText.swift */,
				276FECBB1B6804640022D4B0 /* AsyncResult.swift */,
				276FECB91B68045C0022D4B0 /* ViewMode.swift */,
				276FECB71B6804560022D4B0 /* UIColorExtension.swift */,
				276FECB51B68044B0022D4B0 /* Task.swift */,
				276FECB31B6804460022D4B0 /* Repository.swift */,
			);
			name = Model;
			sourceTree = "<group>";
		};
		276FECCD1B6804BD0022D4B0 /* Frameworks */ = {
			isa = PBXGroup;
			children = (
				276FECE61B6805CD0022D4B0 /* SwiftData */,
				276FECD11B68053E0022D4B0 /* Alamofire */,
				276FECCE1B6804C70022D4B0 /* SwiftyJSON */,
			);
			name = Frameworks;
			sourceTree = "<group>";
		};
		276FECCE1B6804C70022D4B0 /* SwiftyJSON */ = {
			isa = PBXGroup;
			children = (
				276FECCF1B6805000022D4B0 /* SwiftyJSON.swift */,
			);
			name = SwiftyJSON;
			sourceTree = "<group>";
		};
		276FECD11B68053E0022D4B0 /* Alamofire */ = {
			isa = PBXGroup;
			children = (
				276FECD21B6805720022D4B0 /* Alamofire.swift */,
				276FECD31B6805720022D4B0 /* Download.swift */,
				276FECD41B6805720022D4B0 /* Manager.swift */,
				276FECD51B6805720022D4B0 /* MultipartFormData.swift */,
				276FECD61B6805720022D4B0 /* ParameterEncoding.swift */,
				276FECD71B6805720022D4B0 /* Request.swift */,
				276FECD81B6805720022D4B0 /* ResponseSerialization.swift */,
				276FECD91B6805720022D4B0 /* ServerTrustPolicy.swift */,
				276FECDA1B6805720022D4B0 /* Upload.swift */,
				276FECDB1B6805720022D4B0 /* Validation.swift */,
			);
			name = Alamofire;
			sourceTree = "<group>";
		};
		276FECE61B6805CD0022D4B0 /* SwiftData */ = {
			isa = PBXGroup;
			children = (
				276FECEA1B68062D0022D4B0 /* libsqlite3.dylib */,
				276FECE91B6806020022D4B0 /* Briding-Header.h */,
				276FECE71B6805FC0022D4B0 /* SwiftData.swift */,
			);
			name = SwiftData;
			sourceTree = "<group>";
		};
/* End PBXGroup section */

/* Begin PBXNativeTarget section */
		276FEC6F1B67FED30022D4B0 /* ToDoApp */ = {
			isa = PBXNativeTarget;
			buildConfigurationList = 276FEC8F1B67FED30022D4B0 /* Build configuration list for PBXNativeTarget "ToDoApp" */;
			buildPhases = (
				276FEC6C1B67FED30022D4B0 /* Sources */,
				276FEC6D1B67FED30022D4B0 /* Frameworks */,
				276FEC6E1B67FED30022D4B0 /* Resources */,
			);
			buildRules = (
			);
			dependencies = (
			);
			name = ToDoApp;
			productName = ToDoApp;
			productReference = 276FEC701B67FED30022D4B0 /* ToDoApp.app */;
			productType = "com.apple.product-type.application";
		};
		276FEC841B67FED30022D4B0 /* ToDoAppTests */ = {
			isa = PBXNativeTarget;
			buildConfigurationList = 276FEC921B67FED30022D4B0 /* Build configuration list for PBXNativeTarget "ToDoAppTests" */;
			buildPhases = (
				276FEC811B67FED30022D4B0 /* Sources */,
				276FEC821B67FED30022D4B0 /* Frameworks */,
				276FEC831B67FED30022D4B0 /* Resources */,
			);
			buildRules = (
			);
			dependencies = (
				276FEC871B67FED30022D4B0 /* PBXTargetDependency */,
			);
			name = ToDoAppTests;
			productName = ToDoAppTests;
			productReference = 276FEC851B67FED30022D4B0 /* ToDoAppTests.xctest */;
			productType = "com.apple.product-type.bundle.unit-test";
		};
/* End PBXNativeTarget section */

/* Begin PBXProject section */
		276FEC681B67FED30022D4B0 /* Project object */ = {
			isa = PBXProject;
			attributes = {
				LastUpgradeCheck = 0640;
				ORGANIZATIONNAME = SAPPOROWORKS;
				TargetAttributes = {
					276FEC6F1B67FED30022D4B0 = {
						CreatedOnToolsVersion = 6.4;
						DevelopmentTeam = T32GQ84AVX;
					};
					276FEC841B67FED30022D4B0 = {
						CreatedOnToolsVersion = 6.4;
						TestTargetID = 276FEC6F1B67FED30022D4B0;
					};
				};
			};
			buildConfigurationList = 276FEC6B1B67FED30022D4B0 /* Build configuration list for PBXProject "ToDoApp" */;
			compatibilityVersion = "Xcode 3.2";
			developmentRegion = English;
			hasScannedForEncodings = 0;
			knownRegions = (
				en,
				Base,
			);
			mainGroup = 276FEC671B67FED30022D4B0;
			productRefGroup = 276FEC711B67FED30022D4B0 /* Products */;
			projectDirPath = "";
			projectRoot = "";
			targets = (
				276FEC6F1B67FED30022D4B0 /* ToDoApp */,
				276FEC841B67FED30022D4B0 /* ToDoAppTests */,
			);
		};
/* End PBXProject section */

/* Begin PBXResourcesBuildPhase section */
		276FEC6E1B67FED30022D4B0 /* Resources */ = {
			isa = PBXResourcesBuildPhase;
			buildActionMask = 2147483647;
			files = (
				276FEC7B1B67FED30022D4B0 /* Main.storyboard in Resources */,
				276FECAC1B6803580022D4B0 /* MarkIcon.png in Resources */,
				276FECAA1B6803580022D4B0 /* InDoneOn.png in Resources */,
				276FECAB1B6803580022D4B0 /* IsDoneOff.png in Resources */,
				276FEC801B67FED30022D4B0 /* LaunchScreen.xib in Resources */,
				276FECAE1B6803580022D4B0 /* MarkOn.png in Resources */,
				276FEC7D1B67FED30022D4B0 /* Images.xcassets in Resources */,
				276FECAD1B6803580022D4B0 /* MarkOff.png in Resources */,
			);
			runOnlyForDeploymentPostprocessing = 0;
		};
		276FEC831B67FED30022D4B0 /* Resources */ = {
			isa = PBXResourcesBuildPhase;
			buildActionMask = 2147483647;
			files = (
			);
			runOnlyForDeploymentPostprocessing = 0;
		};
/* End PBXResourcesBuildPhase section */

/* Begin PBXSourcesBuildPhase section */
		276FEC6C1B67FED30022D4B0 /* Sources */ = {
			isa = PBXSourcesBuildPhase;
			buildActionMask = 2147483647;
			files = (
				276FEC761B67FED30022D4B0 /* AppDelegate.swift in Sources */,
				276FECC81B6804760022D4B0 /* DbSqlite.swift in Sources */,
				276FECB11B6803810022D4B0 /* UIToggleButton.swift in Sources */,
				276FECA21B6802DB0022D4B0 /* TaskViewController.swift in Sources */,
				276FECCA1B68047C0022D4B0 /* HttpClient.swift in Sources */,
				276FECC61B6804760022D4B0 /* DbLocal.swift in Sources */,
				276FECE11B6805720022D4B0 /* Request.swift in Sources */,
				276FEC9E1B6802DA0022D4B0 /* MainTableViewCell.swift in Sources */,
				276FECDE1B6805720022D4B0 /* Manager.swift in Sources */,
				276FECCC1B6804880022D4B0 /* SecretKey.swift in Sources */,
				276FECD01B6805000022D4B0 /* SwiftyJSON.swift in Sources */,
				276FECBA1B68045C0022D4B0 /* ViewMode.swift in Sources */,
				276FECE41B6805720022D4B0 /* Upload.swift in Sources */,
				276FECE51B6805720022D4B0 /* Validation.swift in Sources */,
				276FECB61B68044B0022D4B0 /* Task.swift in Sources */,
				276FECE21B6805720022D4B0 /* ResponseSerialization.swift in Sources */,
				276FECC01B68046E0022D4B0 /* DateTime.swift in Sources */,
				276FECA01B6802DA0022D4B0 /* MarkView.swift in Sources */,
				276FECE01B6805720022D4B0 /* ParameterEncoding.swift in Sources */,
				276FECBC1B6804640022D4B0 /* AsyncResult.swift in Sources */,
				276FECDF1B6805720022D4B0 /* MultipartFormData.swift in Sources */,
				276FECDD1B6805720022D4B0 /* Download.swift in Sources */,
				276FECBE1B6804690022D4B0 /* AttrText.swift in Sources */,
				276FECE81B6805FC0022D4B0 /* SwiftData.swift in Sources */,
				276FEC9D1B6802DA0022D4B0 /* HeaderView.swift in Sources */,
				276FECA11B6802DA0022D4B0 /* SearchView.swift in Sources */,
				276FECB41B6804460022D4B0 /* Repository.swift in Sources */,
				276FECE31B6805720022D4B0 /* ServerTrustPolicy.swift in Sources */,
				276FECDC1B6805720022D4B0 /* Alamofire.swift in Sources */,
				276FECC71B6804760022D4B0 /* DbParse.swift in Sources */,
				276FEC9F1B6802DA0022D4B0 /* MainViewController.swift in Sources */,
				276FECA31B6802DB0022D4B0 /* TrashView.swift in Sources */,
				276FECC51B6804760022D4B0 /* DbCloud.swift in Sources */,
				276FECB81B6804560022D4B0 /* UIColorExtension.swift in Sources */,
			);
			runOnlyForDeploymentPostprocessing = 0;
		};
		276FEC811B67FED30022D4B0 /* Sources */ = {
			isa = PBXSourcesBuildPhase;
			buildActionMask = 2147483647;
			files = (
				276FECF51B6810760022D4B0 /* MockDb.swift in Sources */,
				276FECF41B6810760022D4B0 /* DateTimeTest.swift in Sources */,
				276FECF91B6810760022D4B0 /* TaskTest.swift in Sources */,
				276FECFE1B6810E00022D4B0 /* SwiftyJSON.swift in Sources */,
				276FED011B6810EB0022D4B0 /* ViewMode.swift in Sources */,
				276FECF61B6810760022D4B0 /* MockDbCloud.swift in Sources */,
				276FECF71B6810760022D4B0 /* MockDbLocal.swift in Sources */,
				276FED021B6811080022D4B0 /* AsyncResult.swift in Sources */,
				276FECFF1B6810E40022D4B0 /* DbCloud.swift in Sources */,
				276FECFA1B6810B60022D4B0 /* Task.swift in Sources */,
				276FECFB1B6810BC0022D4B0 /* DateTime.swift in Sources */,
				276FED001B6810E70022D4B0 /* DbLocal.swift in Sources */,
				276FECF81B6810760022D4B0 /* RepositoryTest.swift in Sources */,
				276FECFC1B6810C50022D4B0 /* Repository.swift in Sources */,
			);
			runOnlyForDeploymentPostprocessing = 0;
		};
/* End PBXSourcesBuildPhase section */

/* Begin PBXTargetDependency section */
		276FEC871B67FED30022D4B0 /* PBXTargetDependency */ = {
			isa = PBXTargetDependency;
			target = 276FEC6F1B67FED30022D4B0 /* ToDoApp */;
			targetProxy = 276FEC861B67FED30022D4B0 /* PBXContainerItemProxy */;
		};
/* End PBXTargetDependency section */

/* Begin PBXVariantGroup section */
		276FEC791B67FED30022D4B0 /* Main.storyboard */ = {
			isa = PBXVariantGroup;
			children = (
				276FEC7A1B67FED30022D4B0 /* Base */,
			);
			name = Main.storyboard;
			sourceTree = "<group>";
		};
		276FEC7E1B67FED30022D4B0 /* LaunchScreen.xib */ = {
			isa = PBXVariantGroup;
			children = (
				276FEC7F1B67FED30022D4B0 /* Base */,
			);
			name = LaunchScreen.xib;
			sourceTree = "<group>";
		};
/* End PBXVariantGroup section */

/* Begin XCBuildConfiguration section */
		276FEC8D1B67FED30022D4B0 /* Debug */ = {
			isa = XCBuildConfiguration;
			buildSettings = {
				ALWAYS_SEARCH_USER_PATHS = NO;
				CLANG_CXX_LANGUAGE_STANDARD = "gnu++0x";
				CLANG_CXX_LIBRARY = "libc++";
				CLANG_ENABLE_MODULES = YES;
				CLANG_ENABLE_OBJC_ARC = YES;
				CLANG_WARN_BOOL_CONVERSION = YES;
				CLANG_WARN_CONSTANT_CONVERSION = YES;
				CLANG_WARN_DIRECT_OBJC_ISA_USAGE = YES_ERROR;
				CLANG_WARN_EMPTY_BODY = YES;
				CLANG_WARN_ENUM_CONVERSION = YES;
				CLANG_WARN_INT_CONVERSION = YES;
				CLANG_WARN_OBJC_ROOT_CLASS = YES_ERROR;
				CLANG_WARN_UNREACHABLE_CODE = YES;
				CLANG_WARN__DUPLICATE_METHOD_MATCH = YES;
				"CODE_SIGN_IDENTITY[sdk=iphoneos*]" = "iPhone Developer";
				COPY_PHASE_STRIP = NO;
				DEBUG_INFORMATION_FORMAT = "dwarf-with-dsym";
				ENABLE_STRICT_OBJC_MSGSEND = YES;
				GCC_C_LANGUAGE_STANDARD = gnu99;
				GCC_DYNAMIC_NO_PIC = NO;
				GCC_NO_COMMON_BLOCKS = YES;
				GCC_OPTIMIZATION_LEVEL = 0;
				GCC_PREPROCESSOR_DEFINITIONS = (
					"DEBUG=1",
					"$(inherited)",
				);
				GCC_SYMBOLS_PRIVATE_EXTERN = NO;
				GCC_WARN_64_TO_32_BIT_CONVERSION = YES;
				GCC_WARN_ABOUT_RETURN_TYPE = YES_ERROR;
				GCC_WARN_UNDECLARED_SELECTOR = YES;
				GCC_WARN_UNINITIALIZED_AUTOS = YES_AGGRESSIVE;
				GCC_WARN_UNUSED_FUNCTION = YES;
				GCC_WARN_UNUSED_VARIABLE = YES;
				IPHONEOS_DEPLOYMENT_TARGET = 7.0;
				MTL_ENABLE_DEBUG_INFO = YES;
				ONLY_ACTIVE_ARCH = YES;
				SDKROOT = iphoneos;
				SWIFT_OBJC_BRIDGING_HEADER = "Frameworks/SwiftData/Briding-Header.h";
				SWIFT_OPTIMIZATION_LEVEL = "-Onone";
				TARGETED_DEVICE_FAMILY = "1,2";
			};
			name = Debug;
		};
		276FEC8E1B67FED30022D4B0 /* Release */ = {
			isa = XCBuildConfiguration;
			buildSettings = {
				ALWAYS_SEARCH_USER_PATHS = NO;
				CLANG_CXX_LANGUAGE_STANDARD = "gnu++0x";
				CLANG_CXX_LIBRARY = "libc++";
				CLANG_ENABLE_MODULES = YES;
				CLANG_ENABLE_OBJC_ARC = YES;
				CLANG_WARN_BOOL_CONVERSION = YES;
				CLANG_WARN_CONSTANT_CONVERSION = YES;
				CLANG_WARN_DIRECT_OBJC_ISA_USAGE = YES_ERROR;
				CLANG_WARN_EMPTY_BODY = YES;
				CLANG_WARN_ENUM_CONVERSION = YES;
				CLANG_WARN_INT_CONVERSION = YES;
				CLANG_WARN_OBJC_ROOT_CLASS = YES_ERROR;
				CLANG_WARN_UNREACHABLE_CODE = YES;
				CLANG_WARN__DUPLICATE_METHOD_MATCH = YES;
				"CODE_SIGN_IDENTITY[sdk=iphoneos*]" = "iPhone Developer";
				COPY_PHASE_STRIP = NO;
				DEBUG_INFORMATION_FORMAT = "dwarf-with-dsym";
				ENABLE_NS_ASSERTIONS = NO;
				ENABLE_STRICT_OBJC_MSGSEND = YES;
				GCC_C_LANGUAGE_STANDARD = gnu99;
				GCC_NO_COMMON_BLOCKS = YES;
				GCC_WARN_64_TO_32_BIT_CONVERSION = YES;
				GCC_WARN_ABOUT_RETURN_TYPE = YES_ERROR;
				GCC_WARN_UNDECLARED_SELECTOR = YES;
				GCC_WARN_UNINITIALIZED_AUTOS = YES_AGGRESSIVE;
				GCC_WARN_UNUSED_FUNCTION = YES;
				GCC_WARN_UNUSED_VARIABLE = YES;
				IPHONEOS_DEPLOYMENT_TARGET = 7.0;
				MTL_ENABLE_DEBUG_INFO = NO;
				SDKROOT = iphoneos;
				SWIFT_OBJC_BRIDGING_HEADER = "Frameworks/SwiftData/Briding-Header.h";
				TARGETED_DEVICE_FAMILY = "1,2";
				VALIDATE_PRODUCT = YES;
			};
			name = Release;
		};
		276FEC901B67FED30022D4B0 /* Debug */ = {
			isa = XCBuildConfiguration;
			buildSettings = {
				ASSETCATALOG_COMPILER_APPICON_NAME = AppIcon;
				ASSETCATALOG_COMPILER_LAUNCHIMAGE_NAME = LaunchImage;
				CODE_SIGN_IDENTITY = "iPhone Developer";
				"CODE_SIGN_IDENTITY[sdk=iphoneos*]" = "iPhone Developer";
				INFOPLIST_FILE = ToDoApp/Info.plist;
				LD_RUNPATH_SEARCH_PATHS = "$(inherited) @executable_path/Frameworks";
				PRODUCT_NAME = "$(TARGET_NAME)";
				PROVISIONING_PROFILE = "";
				TARGETED_DEVICE_FAMILY = "1,2";
			};
			name = Debug;
		};
		276FEC911B67FED30022D4B0 /* Release */ = {
			isa = XCBuildConfiguration;
			buildSettings = {
				ASSETCATALOG_COMPILER_APPICON_NAME = AppIcon;
				ASSETCATALOG_COMPILER_LAUNCHIMAGE_NAME = LaunchImage;
				CODE_SIGN_IDENTITY = "iPhone Developer";
				"CODE_SIGN_IDENTITY[sdk=*]" = "iPhone Developer";
				"CODE_SIGN_IDENTITY[sdk=iphoneos*]" = "iPhone Developer";
				INFOPLIST_FILE = ToDoApp/Info.plist;
				LD_RUNPATH_SEARCH_PATHS = "$(inherited) @executable_path/Frameworks";
				PRODUCT_NAME = "$(TARGET_NAME)";
				PROVISIONING_PROFILE = "";
				TARGETED_DEVICE_FAMILY = "1,2";
			};
			name = Release;
		};
		276FEC931B67FED30022D4B0 /* Debug */ = {
			isa = XCBuildConfiguration;
			buildSettings = {
				BUNDLE_LOADER = "$(TEST_HOST)";
				FRAMEWORK_SEARCH_PATHS = (
					"$(SDKROOT)/Developer/Library/Frameworks",
					"$(inherited)",
				);
				GCC_PREPROCESSOR_DEFINITIONS = (
					"DEBUG=1",
					"$(inherited)",
				);
				INFOPLIST_FILE = ToDoAppTests/Info.plist;
				LD_RUNPATH_SEARCH_PATHS = "$(inherited) @executable_path/Frameworks @loader_path/Frameworks";
				PRODUCT_NAME = "$(TARGET_NAME)";
				TEST_HOST = "$(BUILT_PRODUCTS_DIR)/ToDoApp.app/ToDoApp";
			};
			name = Debug;
		};
		276FEC941B67FED30022D4B0 /* Release */ = {
			isa = XCBuildConfiguration;
			buildSettings = {
				BUNDLE_LOADER = "$(TEST_HOST)";
				FRAMEWORK_SEARCH_PATHS = (
					"$(SDKROOT)/Developer/Library/Frameworks",
					"$(inherited)",
				);
				INFOPLIST_FILE = ToDoAppTests/Info.plist;
				LD_RUNPATH_SEARCH_PATHS = "$(inherited) @executable_path/Frameworks @loader_path/Frameworks";
				PRODUCT_NAME = "$(TARGET_NAME)";
				TEST_HOST = "$(BUILT_PRODUCTS_DIR)/ToDoApp.app/ToDoApp";
			};
			name = Release;
		};
/* End XCBuildConfiguration section */

/* Begin XCConfigurationList section */
		276FEC6B1B67FED30022D4B0 /* Build configuration list for PBXProject "ToDoApp" */ = {
			isa = XCConfigurationList;
			buildConfigurations = (
				276FEC8D1B67FED30022D4B0 /* Debug */,
				276FEC8E1B67FED30022D4B0 /* Release */,
			);
			defaultConfigurationIsVisible = 0;
			defaultConfigurationName = Release;
		};
		276FEC8F1B67FED30022D4B0 /* Build configuration list for PBXNativeTarget "ToDoApp" */ = {
			isa = XCConfigurationList;
			buildConfigurations = (
				276FEC901B67FED30022D4B0 /* Debug */,
				276FEC911B67FED30022D4B0 /* Release */,
			);
			defaultConfigurationIsVisible = 0;
			defaultConfigurationName = Release;
		};
		276FEC921B67FED30022D4B0 /* Build configuration list for PBXNativeTarget "ToDoAppTests" */ = {
			isa = XCConfigurationList;
			buildConfigurations = (
				276FEC931B67FED30022D4B0 /* Debug */,
				276FEC941B67FED30022D4B0 /* Release */,
			);
			defaultConfigurationIsVisible = 0;
			defaultConfigurationName = Release;
		};
/* End XCConfigurationList section */
	};
	rootObject = 276FEC681B67FED30022D4B0 /* Project object */;
}
